
Microsoft Visual Studio Solution File, Format Version 12.00
# Visual Studio Version 16
VisualStudioVersion = 16.0.29505.145
MinimumVisualStudioVersion = 10.0.40219.1
Project("{9A19103F-16F7-4668-BE54-9A1E7A4F7556}") = "BlazorGame", "BlazorGame\BlazorGame.csproj", "{5B79BA1F-2680-446F-88AA-3F7C82F20852}"
EndProject
Global
	GlobalSection(SolutionConfigurationPlatforms) = preSolution
		Debug|Any CPU = Debug|Any CPU
		Release|Any CPU = Release|Any CPU
	EndGlobalSection
	GlobalSection(ProjectConfigurationPlatforms) = postSolution
		{5B79BA1F-2680-446F-88AA-3F7C82F20852}.Debug|Any CPU.ActiveCfg = Debug|Any CPU
		{5B79BA1F-2680-446F-88AA-3F7C82F20852}.Debug|Any CPU.Build.0 = Debug|Any CPU
		{5B79BA1F-2680-446F-88AA-3F7C82F20852}.Release|Any CPU.ActiveCfg = Release|Any CPU
		{5B79BA1F-2680-446F-88AA-3F7C82F20852}.Release|Any CPU.Build.0 = Release|Any CPU
	EndGlobalSection
	GlobalSection(SolutionProperties) = preSolution
		HideSolutionNode = FALSE
	EndGlobalSection
	GlobalSection(ExtensibilityGlobals) = postSolution
		SolutionGuid = {66B68441-26F6-48D2-A0FD-AEC87CCC6576}
	EndGlobalSection
EndGlobal
