
Microsoft Visual Studio Solution File, Format Version 12.00
# Visual Studio Version 16
VisualStudioVersion = 16.0.29505.145
MinimumVisualStudioVersion = 10.0.40219.1
Project("{9A19103F-16F7-4668-BE54-9A1E7A4F7556}") = "BlazorGame.Server", "BlazorGame\Server\BlazorGame.Server.csproj", "{197639C5-9BB3-49DB-8869-1BC6F7DA3400}"
EndProject
Project("{9A19103F-16F7-4668-BE54-9A1E7A4F7556}") = "BlazorGame.Client", "BlazorGame\Client\BlazorGame.Client.csproj", "{3BBC87B0-B488-44EE-800A-CE7C4745F193}"
EndProject
Project("{9A19103F-16F7-4668-BE54-9A1E7A4F7556}") = "BlazorGame.Shared", "BlazorGame\Shared\BlazorGame.Shared.csproj", "{612308DA-44BC-49A8-99AA-DA3F27F15885}"
EndProject
Project("{9A19103F-16F7-4668-BE54-9A1E7A4F7556}") = "BlazorGame.Framework", "BlazorGame.Library\BlazorGame.Framework.csproj", "{3C09FA91-B562-403A-BD1B-CDEED51D0B3B}"
EndProject
Project("{9A19103F-16F7-4668-BE54-9A1E7A4F7556}") = "BlazorGame.Tests", "BlazorGame.Tests\BlazorGame.Tests.csproj", "{BB353064-5D97-41D0-AFF0-E5F4BC05BDFD}"
EndProject
Global
	GlobalSection(SolutionConfigurationPlatforms) = preSolution
		Debug|Any CPU = Debug|Any CPU
		Release|Any CPU = Release|Any CPU
	EndGlobalSection
	GlobalSection(ProjectConfigurationPlatforms) = postSolution
		{197639C5-9BB3-49DB-8869-1BC6F7DA3400}.Debug|Any CPU.ActiveCfg = Debug|Any CPU
		{197639C5-9BB3-49DB-8869-1BC6F7DA3400}.Debug|Any CPU.Build.0 = Debug|Any CPU
		{197639C5-9BB3-49DB-8869-1BC6F7DA3400}.Release|Any CPU.ActiveCfg = Release|Any CPU
		{197639C5-9BB3-49DB-8869-1BC6F7DA3400}.Release|Any CPU.Build.0 = Release|Any CPU
		{3BBC87B0-B488-44EE-800A-CE7C4745F193}.Debug|Any CPU.ActiveCfg = Debug|Any CPU
		{3BBC87B0-B488-44EE-800A-CE7C4745F193}.Debug|Any CPU.Build.0 = Debug|Any CPU
		{3BBC87B0-B488-44EE-800A-CE7C4745F193}.Release|Any CPU.ActiveCfg = Release|Any CPU
		{3BBC87B0-B488-44EE-800A-CE7C4745F193}.Release|Any CPU.Build.0 = Release|Any CPU
		{612308DA-44BC-49A8-99AA-DA3F27F15885}.Debug|Any CPU.ActiveCfg = Debug|Any CPU
		{612308DA-44BC-49A8-99AA-DA3F27F15885}.Debug|Any CPU.Build.0 = Debug|Any CPU
		{612308DA-44BC-49A8-99AA-DA3F27F15885}.Release|Any CPU.ActiveCfg = Release|Any CPU
		{612308DA-44BC-49A8-99AA-DA3F27F15885}.Release|Any CPU.Build.0 = Release|Any CPU
		{3C09FA91-B562-403A-BD1B-CDEED51D0B3B}.Debug|Any CPU.ActiveCfg = Debug|Any CPU
		{3C09FA91-B562-403A-BD1B-CDEED51D0B3B}.Debug|Any CPU.Build.0 = Debug|Any CPU
		{3C09FA91-B562-403A-BD1B-CDEED51D0B3B}.Release|Any CPU.ActiveCfg = Release|Any CPU
		{3C09FA91-B562-403A-BD1B-CDEED51D0B3B}.Release|Any CPU.Build.0 = Release|Any CPU
		{BB353064-5D97-41D0-AFF0-E5F4BC05BDFD}.Debug|Any CPU.ActiveCfg = Debug|Any CPU
		{BB353064-5D97-41D0-AFF0-E5F4BC05BDFD}.Debug|Any CPU.Build.0 = Debug|Any CPU
		{BB353064-5D97-41D0-AFF0-E5F4BC05BDFD}.Release|Any CPU.ActiveCfg = Release|Any CPU
		{BB353064-5D97-41D0-AFF0-E5F4BC05BDFD}.Release|Any CPU.Build.0 = Release|Any CPU
	EndGlobalSection
	GlobalSection(SolutionProperties) = preSolution
		HideSolutionNode = FALSE
	EndGlobalSection
	GlobalSection(ExtensibilityGlobals) = postSolution
		SolutionGuid = {66B68441-26F6-48D2-A0FD-AEC87CCC6576}
	EndGlobalSection
EndGlobal
